// !$*UTF8*$!
{
	archiveVersion = 1;
	classes = {
	};
	objectVersion = 50;
	objects = {

/* Begin PBXBuildFile section */
		8D27294722616E9C00460415 /* tapMe.png in Resources */ = {isa = PBXBuildFile; fileRef = 8D27294622616E9B00460415 /* tapMe.png */; };
		8D27294922616ED000460415 /* FeedViewController.swift in Sources */ = {isa = PBXBuildFile; fileRef = 8D27294822616ED000460415 /* FeedViewController.swift */; };
		8D27294B22616ED800460415 /* PostViewController.swift in Sources */ = {isa = PBXBuildFile; fileRef = 8D27294A22616ED800460415 /* PostViewController.swift */; };
		8D27294D2261719200460415 /* DailyChallengeViewController.swift in Sources */ = {isa = PBXBuildFile; fileRef = 8D27294C2261719200460415 /* DailyChallengeViewController.swift */; };
		8D2729522261810F00460415 /* holesBackground.png in Resources */ = {isa = PBXBuildFile; fileRef = 8D27294E2261810F00460415 /* holesBackground.png */; };
		8D2729532261810F00460415 /* hole.png in Resources */ = {isa = PBXBuildFile; fileRef = 8D27294F2261810F00460415 /* hole.png */; };
		8D2729542261810F00460415 /* mole.png in Resources */ = {isa = PBXBuildFile; fileRef = 8D2729502261810F00460415 /* mole.png */; };
		8D2729552261810F00460415 /* greenBackground.png in Resources */ = {isa = PBXBuildFile; fileRef = 8D2729512261810F00460415 /* greenBackground.png */; };
		8D2729572261813200460415 /* whackAMoleViewController.swift in Sources */ = {isa = PBXBuildFile; fileRef = 8D2729562261813200460415 /* whackAMoleViewController.swift */; };
		8D272959226237D600460415 /* FeedCell.swift in Sources */ = {isa = PBXBuildFile; fileRef = 8D272958226237D600460415 /* FeedCell.swift */; };
		8D27295B2262984100460415 /* SDWebImage.framework in Frameworks */ = {isa = PBXBuildFile; fileRef = 8D27295A2262984100460415 /* SDWebImage.framework */; };
		8D27295D2262A47E00460415 /* App icon.png in Resources */ = {isa = PBXBuildFile; fileRef = 8D27295C2262A47E00460415 /* App icon.png */; };
		8D69B36D2261589F00767158 /* AppDelegate.swift in Sources */ = {isa = PBXBuildFile; fileRef = 8D69B36C2261589F00767158 /* AppDelegate.swift */; };
		8D69B36F2261589F00767158 /* ChatViewController.swift in Sources */ = {isa = PBXBuildFile; fileRef = 8D69B36E2261589F00767158 /* ChatViewController.swift */; };
		8D69B3712261589F00767158 /* SocietyViewController.swift in Sources */ = {isa = PBXBuildFile; fileRef = 8D69B3702261589F00767158 /* SocietyViewController.swift */; };
		8D69B3742261589F00767158 /* Main.storyboard in Resources */ = {isa = PBXBuildFile; fileRef = 8D69B3722261589F00767158 /* Main.storyboard */; };
		8D69B376226158A000767158 /* Assets.xcassets in Resources */ = {isa = PBXBuildFile; fileRef = 8D69B375226158A000767158 /* Assets.xcassets */; };
		8D69B379226158A000767158 /* LaunchScreen.storyboard in Resources */ = {isa = PBXBuildFile; fileRef = 8D69B377226158A000767158 /* LaunchScreen.storyboard */; };
		8D69B38122615C5600767158 /* GoogleService-Info.plist in Resources */ = {isa = PBXBuildFile; fileRef = 8D69B38022615C5600767158 /* GoogleService-Info.plist */; };
		8D69B383226161CB00767158 /* LogInViewController.swift in Sources */ = {isa = PBXBuildFile; fileRef = 8D69B382226161CB00767158 /* LogInViewController.swift */; };
		8D7E629E2262BEF2001A01EB /* LaunchScreenAnimation.mov in Resources */ = {isa = PBXBuildFile; fileRef = 8D7E629D2262BEF2001A01EB /* LaunchScreenAnimation.mov */; };
		8DDCD5C222657D61009C3D61 /* dailyJokesViewController.swift in Sources */ = {isa = PBXBuildFile; fileRef = 8DDCD5C122657D61009C3D61 /* dailyJokesViewController.swift */; };
		8DDCD5C422657D79009C3D61 /* dailyQuotesViewController.swift in Sources */ = {isa = PBXBuildFile; fileRef = 8DDCD5C322657D79009C3D61 /* dailyQuotesViewController.swift */; };
		8DDCD5C622657D84009C3D61 /* dailyRiddlesViewController.swift in Sources */ = {isa = PBXBuildFile; fileRef = 8DDCD5C522657D84009C3D61 /* dailyRiddlesViewController.swift */; };
		8DDCD5C822662132009C3D61 /* nightViewBackground.jpg in Resources */ = {isa = PBXBuildFile; fileRef = 8DDCD5C722662132009C3D61 /* nightViewBackground.jpg */; };
		8DDCD5CA226621D3009C3D61 /* goldBackground.jpg in Resources */ = {isa = PBXBuildFile; fileRef = 8DDCD5C9226621D3009C3D61 /* goldBackground.jpg */; };
		8DDCD5CC226623F5009C3D61 /* waterBackground.jpg in Resources */ = {isa = PBXBuildFile; fileRef = 8DDCD5CB226623F5009C3D61 /* waterBackground.jpg */; };
		8DDCD5CE226634EC009C3D61 /* starNight.jpg in Resources */ = {isa = PBXBuildFile; fileRef = 8DDCD5CD226634EC009C3D61 /* starNight.jpg */; };
		A70305197CF0367E36CBF0F7 /* Pods_Pharos.framework in Frameworks */ = {isa = PBXBuildFile; fileRef = AF3B6BC46C47FE4C87A52CA6 /* Pods_Pharos.framework */; };
/* End PBXBuildFile section */

/* Begin PBXFileReference section */
		1220022FD305BDCD941ECDB6 /* Pods-Pharos.release.xcconfig */ = {isa = PBXFileReference; includeInIndex = 1; lastKnownFileType = text.xcconfig; name = "Pods-Pharos.release.xcconfig"; path = "Target Support Files/Pods-Pharos/Pods-Pharos.release.xcconfig"; sourceTree = "<group>"; };
		302BAC588B33D8CBE1586F24 /* Pods-Pharos.debug.xcconfig */ = {isa = PBXFileReference; includeInIndex = 1; lastKnownFileType = text.xcconfig; name = "Pods-Pharos.debug.xcconfig"; path = "Target Support Files/Pods-Pharos/Pods-Pharos.debug.xcconfig"; sourceTree = "<group>"; };
		8D27294622616E9B00460415 /* tapMe.png */ = {isa = PBXFileReference; lastKnownFileType = image.png; path = tapMe.png; sourceTree = "<group>"; };
		8D27294822616ED000460415 /* FeedViewController.swift */ = {isa = PBXFileReference; lastKnownFileType = sourcecode.swift; path = FeedViewController.swift; sourceTree = "<group>"; };
		8D27294A22616ED800460415 /* PostViewController.swift */ = {isa = PBXFileReference; lastKnownFileType = sourcecode.swift; path = PostViewController.swift; sourceTree = "<group>"; };
		8D27294C2261719200460415 /* DailyChallengeViewController.swift */ = {isa = PBXFileReference; lastKnownFileType = sourcecode.swift; path = DailyChallengeViewController.swift; sourceTree = "<group>"; };
		8D27294E2261810F00460415 /* holesBackground.png */ = {isa = PBXFileReference; lastKnownFileType = image.png; path = holesBackground.png; sourceTree = "<group>"; };
		8D27294F2261810F00460415 /* hole.png */ = {isa = PBXFileReference; lastKnownFileType = image.png; path = hole.png; sourceTree = "<group>"; };
		8D2729502261810F00460415 /* mole.png */ = {isa = PBXFileReference; lastKnownFileType = image.png; path = mole.png; sourceTree = "<group>"; };
		8D2729512261810F00460415 /* greenBackground.png */ = {isa = PBXFileReference; lastKnownFileType = image.png; path = greenBackground.png; sourceTree = "<group>"; };
		8D2729562261813200460415 /* whackAMoleViewController.swift */ = {isa = PBXFileReference; fileEncoding = 4; lastKnownFileType = sourcecode.swift; path = whackAMoleViewController.swift; sourceTree = "<group>"; };
		8D272958226237D600460415 /* FeedCell.swift */ = {isa = PBXFileReference; lastKnownFileType = sourcecode.swift; path = FeedCell.swift; sourceTree = "<group>"; };
		8D27295A2262984100460415 /* SDWebImage.framework */ = {isa = PBXFileReference; explicitFileType = wrapper.framework; path = SDWebImage.framework; sourceTree = BUILT_PRODUCTS_DIR; };
		8D27295C2262A47E00460415 /* App icon.png */ = {isa = PBXFileReference; lastKnownFileType = image.png; path = "App icon.png"; sourceTree = "<group>"; };
		8D69B3692261589F00767158 /* Pharos.app */ = {isa = PBXFileReference; explicitFileType = wrapper.application; includeInIndex = 0; path = Pharos.app; sourceTree = BUILT_PRODUCTS_DIR; };
		8D69B36C2261589F00767158 /* AppDelegate.swift */ = {isa = PBXFileReference; lastKnownFileType = sourcecode.swift; path = AppDelegate.swift; sourceTree = "<group>"; };
		8D69B36E2261589F00767158 /* ChatViewController.swift */ = {isa = PBXFileReference; lastKnownFileType = sourcecode.swift; path = ChatViewController.swift; sourceTree = "<group>"; };
		8D69B3702261589F00767158 /* SocietyViewController.swift */ = {isa = PBXFileReference; lastKnownFileType = sourcecode.swift; path = SocietyViewController.swift; sourceTree = "<group>"; };
		8D69B3732261589F00767158 /* Base */ = {isa = PBXFileReference; lastKnownFileType = file.storyboard; name = Base; path = Base.lproj/Main.storyboard; sourceTree = "<group>"; };
		8D69B375226158A000767158 /* Assets.xcassets */ = {isa = PBXFileReference; lastKnownFileType = folder.assetcatalog; path = Assets.xcassets; sourceTree = "<group>"; };
		8D69B378226158A000767158 /* Base */ = {isa = PBXFileReference; lastKnownFileType = file.storyboard; name = Base; path = Base.lproj/LaunchScreen.storyboard; sourceTree = "<group>"; };
		8D69B37A226158A000767158 /* Info.plist */ = {isa = PBXFileReference; lastKnownFileType = text.plist.xml; path = Info.plist; sourceTree = "<group>"; };
		8D69B38022615C5600767158 /* GoogleService-Info.plist */ = {isa = PBXFileReference; fileEncoding = 4; lastKnownFileType = text.plist.xml; path = "GoogleService-Info.plist"; sourceTree = "<group>"; };
		8D69B382226161CB00767158 /* LogInViewController.swift */ = {isa = PBXFileReference; lastKnownFileType = sourcecode.swift; path = LogInViewController.swift; sourceTree = "<group>"; };
		8D7E629D2262BEF2001A01EB /* LaunchScreenAnimation.mov */ = {isa = PBXFileReference; lastKnownFileType = video.quicktime; path = LaunchScreenAnimation.mov; sourceTree = "<group>"; };
		8DDCD5C122657D61009C3D61 /* dailyJokesViewController.swift */ = {isa = PBXFileReference; lastKnownFileType = sourcecode.swift; path = dailyJokesViewController.swift; sourceTree = "<group>"; };
		8DDCD5C322657D79009C3D61 /* dailyQuotesViewController.swift */ = {isa = PBXFileReference; lastKnownFileType = sourcecode.swift; path = dailyQuotesViewController.swift; sourceTree = "<group>"; };
		8DDCD5C522657D84009C3D61 /* dailyRiddlesViewController.swift */ = {isa = PBXFileReference; lastKnownFileType = sourcecode.swift; path = dailyRiddlesViewController.swift; sourceTree = "<group>"; };
		8DDCD5C722662132009C3D61 /* nightViewBackground.jpg */ = {isa = PBXFileReference; lastKnownFileType = image.jpeg; path = nightViewBackground.jpg; sourceTree = "<group>"; };
		8DDCD5C9226621D3009C3D61 /* goldBackground.jpg */ = {isa = PBXFileReference; lastKnownFileType = image.jpeg; path = goldBackground.jpg; sourceTree = "<group>"; };
		8DDCD5CB226623F5009C3D61 /* waterBackground.jpg */ = {isa = PBXFileReference; lastKnownFileType = image.jpeg; path = waterBackground.jpg; sourceTree = "<group>"; };
		8DDCD5CD226634EC009C3D61 /* starNight.jpg */ = {isa = PBXFileReference; lastKnownFileType = image.jpeg; path = starNight.jpg; sourceTree = "<group>"; };
		AF3B6BC46C47FE4C87A52CA6 /* Pods_Pharos.framework */ = {isa = PBXFileReference; explicitFileType = wrapper.framework; includeInIndex = 0; path = Pods_Pharos.framework; sourceTree = BUILT_PRODUCTS_DIR; };
/* End PBXFileReference section */

/* Begin PBXFrameworksBuildPhase section */
		8D69B3662261589F00767158 /* Frameworks */ = {
			isa = PBXFrameworksBuildPhase;
			buildActionMask = 2147483647;
			files = (
				8D27295B2262984100460415 /* SDWebImage.framework in Frameworks */,
				A70305197CF0367E36CBF0F7 /* Pods_Pharos.framework in Frameworks */,
			);
			runOnlyForDeploymentPostprocessing = 0;
		};
/* End PBXFrameworksBuildPhase section */

/* Begin PBXGroup section */
		8D69B3602261589F00767158 = {
			isa = PBXGroup;
			children = (
				8D69B36B2261589F00767158 /* Pharos */,
				8D69B36A2261589F00767158 /* Products */,
				FF3402F70DCDDDD526A9FA75 /* Pods */,
				A8E257C2FFCDDD4565A6DE06 /* Frameworks */,
			);
			sourceTree = "<group>";
		};
		8D69B36A2261589F00767158 /* Products */ = {
			isa = PBXGroup;
			children = (
				8D69B3692261589F00767158 /* Pharos.app */,
			);
			name = Products;
			sourceTree = "<group>";
		};
		8D69B36B2261589F00767158 /* Pharos */ = {
			isa = PBXGroup;
			children = (
				8D69B36C2261589F00767158 /* AppDelegate.swift */,
				8D69B377226158A000767158 /* LaunchScreen.storyboard */,
				8D69B3722261589F00767158 /* Main.storyboard */,
				8D69B382226161CB00767158 /* LogInViewController.swift */,
				8D69B36E2261589F00767158 /* ChatViewController.swift */,
				8D69B3702261589F00767158 /* SocietyViewController.swift */,
				8D27294C2261719200460415 /* DailyChallengeViewController.swift */,
				8D2729562261813200460415 /* whackAMoleViewController.swift */,
				8DDCD5C322657D79009C3D61 /* dailyQuotesViewController.swift */,
				8DDCD5C122657D61009C3D61 /* dailyJokesViewController.swift */,
				8DDCD5C522657D84009C3D61 /* dailyRiddlesViewController.swift */,
				8D27294822616ED000460415 /* FeedViewController.swift */,
				8D272958226237D600460415 /* FeedCell.swift */,
				8D27294A22616ED800460415 /* PostViewController.swift */,
				8D69B375226158A000767158 /* Assets.xcassets */,
				8D27295C2262A47E00460415 /* App icon.png */,
				8D27294622616E9B00460415 /* tapMe.png */,
				8D2729512261810F00460415 /* greenBackground.png */,
				8DDCD5C722662132009C3D61 /* nightViewBackground.jpg */,
				8D27294E2261810F00460415 /* holesBackground.png */,
				8DDCD5C9226621D3009C3D61 /* goldBackground.jpg */,
				8DDCD5CB226623F5009C3D61 /* waterBackground.jpg */,
				8DDCD5CD226634EC009C3D61 /* starNight.jpg */,
				8D27294F2261810F00460415 /* hole.png */,
				8D2729502261810F00460415 /* mole.png */,
				8D7E629D2262BEF2001A01EB /* LaunchScreenAnimation.mov */,
				8D69B38022615C5600767158 /* GoogleService-Info.plist */,
				8D69B37A226158A000767158 /* Info.plist */,
			);
			path = Pharos;
			sourceTree = "<group>";
		};
		A8E257C2FFCDDD4565A6DE06 /* Frameworks */ = {
			isa = PBXGroup;
			children = (
				8D27295A2262984100460415 /* SDWebImage.framework */,
				AF3B6BC46C47FE4C87A52CA6 /* Pods_Pharos.framework */,
			);
			name = Frameworks;
			sourceTree = "<group>";
		};
		FF3402F70DCDDDD526A9FA75 /* Pods */ = {
			isa = PBXGroup;
			children = (
				302BAC588B33D8CBE1586F24 /* Pods-Pharos.debug.xcconfig */,
				1220022FD305BDCD941ECDB6 /* Pods-Pharos.release.xcconfig */,
			);
			path = Pods;
			sourceTree = "<group>";
		};
/* End PBXGroup section */

/* Begin PBXNativeTarget section */
		8D69B3682261589F00767158 /* Pharos */ = {
			isa = PBXNativeTarget;
			buildConfigurationList = 8D69B37D226158A000767158 /* Build configuration list for PBXNativeTarget "Pharos" */;
			buildPhases = (
				1FFE3DE3B313B64C13E1F66C /* [CP] Check Pods Manifest.lock */,
				8D69B3652261589F00767158 /* Sources */,
				8D69B3662261589F00767158 /* Frameworks */,
				8D69B3672261589F00767158 /* Resources */,
				9928A2CB06177C5E9C5FC86F /* [CP] Embed Pods Frameworks */,
			);
			buildRules = (
			);
			dependencies = (
			);
			name = Pharos;
			productName = Pharos;
			productReference = 8D69B3692261589F00767158 /* Pharos.app */;
			productType = "com.apple.product-type.application";
		};
/* End PBXNativeTarget section */

/* Begin PBXProject section */
		8D69B3612261589F00767158 /* Project object */ = {
			isa = PBXProject;
			attributes = {
				LastSwiftUpdateCheck = 1020;
				LastUpgradeCheck = 1020;
				ORGANIZATIONNAME = "Monica Qiu";
				TargetAttributes = {
					8D69B3682261589F00767158 = {
						CreatedOnToolsVersion = 10.2;
					};
				};
			};
			buildConfigurationList = 8D69B3642261589F00767158 /* Build configuration list for PBXProject "Pharos" */;
			compatibilityVersion = "Xcode 9.3";
			developmentRegion = en;
			hasScannedForEncodings = 0;
			knownRegions = (
				en,
				Base,
			);
			mainGroup = 8D69B3602261589F00767158;
			productRefGroup = 8D69B36A2261589F00767158 /* Products */;
			projectDirPath = "";
			projectRoot = "";
			targets = (
				8D69B3682261589F00767158 /* Pharos */,
			);
		};
/* End PBXProject section */

/* Begin PBXResourcesBuildPhase section */
		8D69B3672261589F00767158 /* Resources */ = {
			isa = PBXResourcesBuildPhase;
			buildActionMask = 2147483647;
			files = (
				8D7E629E2262BEF2001A01EB /* LaunchScreenAnimation.mov in Resources */,
				8D2729552261810F00460415 /* greenBackground.png in Resources */,
				8D27295D2262A47E00460415 /* App icon.png in Resources */,
				8D2729542261810F00460415 /* mole.png in Resources */,
				8DDCD5C822662132009C3D61 /* nightViewBackground.jpg in Resources */,
				8D69B379226158A000767158 /* LaunchScreen.storyboard in Resources */,
				8D69B38122615C5600767158 /* GoogleService-Info.plist in Resources */,
				8D69B376226158A000767158 /* Assets.xcassets in Resources */,
				8D2729532261810F00460415 /* hole.png in Resources */,
				8D69B3742261589F00767158 /* Main.storyboard in Resources */,
				8D27294722616E9C00460415 /* tapMe.png in Resources */,
				8DDCD5CE226634EC009C3D61 /* starNight.jpg in Resources */,
				8D2729522261810F00460415 /* holesBackground.png in Resources */,
				8DDCD5CA226621D3009C3D61 /* goldBackground.jpg in Resources */,
				8DDCD5CC226623F5009C3D61 /* waterBackground.jpg in Resources */,
			);
			runOnlyForDeploymentPostprocessing = 0;
		};
/* End PBXResourcesBuildPhase section */

/* Begin PBXShellScriptBuildPhase section */
		1FFE3DE3B313B64C13E1F66C /* [CP] Check Pods Manifest.lock */ = {
			isa = PBXShellScriptBuildPhase;
			buildActionMask = 2147483647;
			files = (
			);
			inputFileListPaths = (
			);
			inputPaths = (
				"${PODS_PODFILE_DIR_PATH}/Podfile.lock",
				"${PODS_ROOT}/Manifest.lock",
			);
			name = "[CP] Check Pods Manifest.lock";
			outputFileListPaths = (
			);
			outputPaths = (
				"$(DERIVED_FILE_DIR)/Pods-Pharos-checkManifestLockResult.txt",
			);
			runOnlyForDeploymentPostprocessing = 0;
			shellPath = /bin/sh;
			shellScript = "diff \"${PODS_PODFILE_DIR_PATH}/Podfile.lock\" \"${PODS_ROOT}/Manifest.lock\" > /dev/null\nif [ $? != 0 ] ; then\n    # print error to STDERR\n    echo \"error: The sandbox is not in sync with the Podfile.lock. Run 'pod install' or update your CocoaPods installation.\" >&2\n    exit 1\nfi\n# This output is used by Xcode 'outputs' to avoid re-running this script phase.\necho \"SUCCESS\" > \"${SCRIPT_OUTPUT_FILE_0}\"\n";
			showEnvVarsInLog = 0;
		};
		9928A2CB06177C5E9C5FC86F /* [CP] Embed Pods Frameworks */ = {
			isa = PBXShellScriptBuildPhase;
			buildActionMask = 2147483647;
			files = (
			);
			inputFileListPaths = (
			);
			inputPaths = (
				"${PODS_ROOT}/Target Support Files/Pods-Pharos/Pods-Pharos-frameworks.sh",
				"${BUILT_PRODUCTS_DIR}/GTMSessionFetcher/GTMSessionFetcher.framework",
				"${BUILT_PRODUCTS_DIR}/GoogleUtilities/GoogleUtilities.framework",
				"${BUILT_PRODUCTS_DIR}/SDWebImage/SDWebImage.framework",
				"${BUILT_PRODUCTS_DIR}/leveldb-library/leveldb.framework",
				"${BUILT_PRODUCTS_DIR}/libwebp/libwebp.framework",
				"${BUILT_PRODUCTS_DIR}/nanopb/nanopb.framework",
			);
			name = "[CP] Embed Pods Frameworks";
			outputFileListPaths = (
			);
			outputPaths = (
				"${TARGET_BUILD_DIR}/${FRAMEWORKS_FOLDER_PATH}/GTMSessionFetcher.framework",
				"${TARGET_BUILD_DIR}/${FRAMEWORKS_FOLDER_PATH}/GoogleUtilities.framework",
				"${TARGET_BUILD_DIR}/${FRAMEWORKS_FOLDER_PATH}/SDWebImage.framework",
				"${TARGET_BUILD_DIR}/${FRAMEWORKS_FOLDER_PATH}/leveldb.framework",
				"${TARGET_BUILD_DIR}/${FRAMEWORKS_FOLDER_PATH}/libwebp.framework",
				"${TARGET_BUILD_DIR}/${FRAMEWORKS_FOLDER_PATH}/nanopb.framework",
			);
			runOnlyForDeploymentPostprocessing = 0;
			shellPath = /bin/sh;
			shellScript = "\"${PODS_ROOT}/Target Support Files/Pods-Pharos/Pods-Pharos-frameworks.sh\"\n";
			showEnvVarsInLog = 0;
		};
/* End PBXShellScriptBuildPhase section */

/* Begin PBXSourcesBuildPhase section */
		8D69B3652261589F00767158 /* Sources */ = {
			isa = PBXSourcesBuildPhase;
			buildActionMask = 2147483647;
			files = (
				8DDCD5C622657D84009C3D61 /* dailyRiddlesViewController.swift in Sources */,
				8D27294B22616ED800460415 /* PostViewController.swift in Sources */,
				8DDCD5C422657D79009C3D61 /* dailyQuotesViewController.swift in Sources */,
				8D69B383226161CB00767158 /* LogInViewController.swift in Sources */,
				8D27294D2261719200460415 /* DailyChallengeViewController.swift in Sources */,
				8D69B3712261589F00767158 /* SocietyViewController.swift in Sources */,
				8D2729572261813200460415 /* whackAMoleViewController.swift in Sources */,
				8D27294922616ED000460415 /* FeedViewController.swift in Sources */,
				8D69B36D2261589F00767158 /* AppDelegate.swift in Sources */,
				8D69B36F2261589F00767158 /* ChatViewController.swift in Sources */,
				8D272959226237D600460415 /* FeedCell.swift in Sources */,
				8DDCD5C222657D61009C3D61 /* dailyJokesViewController.swift in Sources */,
			);
			runOnlyForDeploymentPostprocessing = 0;
		};
/* End PBXSourcesBuildPhase section */

/* Begin PBXVariantGroup section */
		8D69B3722261589F00767158 /* Main.storyboard */ = {
			isa = PBXVariantGroup;
			children = (
				8D69B3732261589F00767158 /* Base */,
			);
			name = Main.storyboard;
			sourceTree = "<group>";
		};
		8D69B377226158A000767158 /* LaunchScreen.storyboard */ = {
			isa = PBXVariantGroup;
			children = (
				8D69B378226158A000767158 /* Base */,
			);
			name = LaunchScreen.storyboard;
			sourceTree = "<group>";
		};
/* End PBXVariantGroup section */

/* Begin XCBuildConfiguration section */
		8D69B37B226158A000767158 /* Debug */ = {
			isa = XCBuildConfiguration;
			buildSettings = {
				ALWAYS_SEARCH_USER_PATHS = NO;
				CLANG_ANALYZER_NONNULL = YES;
				CLANG_ANALYZER_NUMBER_OBJECT_CONVERSION = YES_AGGRESSIVE;
				CLANG_CXX_LANGUAGE_STANDARD = "gnu++14";
				CLANG_CXX_LIBRARY = "libc++";
				CLANG_ENABLE_MODULES = YES;
				CLANG_ENABLE_OBJC_ARC = YES;
				CLANG_ENABLE_OBJC_WEAK = YES;
				CLANG_WARN_BLOCK_CAPTURE_AUTORELEASING = YES;
				CLANG_WARN_BOOL_CONVERSION = YES;
				CLANG_WARN_COMMA = YES;
				CLANG_WARN_CONSTANT_CONVERSION = YES;
				CLANG_WARN_DEPRECATED_OBJC_IMPLEMENTATIONS = YES;
				CLANG_WARN_DIRECT_OBJC_ISA_USAGE = YES_ERROR;
				CLANG_WARN_DOCUMENTATION_COMMENTS = YES;
				CLANG_WARN_EMPTY_BODY = YES;
				CLANG_WARN_ENUM_CONVERSION = YES;
				CLANG_WARN_INFINITE_RECURSION = YES;
				CLANG_WARN_INT_CONVERSION = YES;
				CLANG_WARN_NON_LITERAL_NULL_CONVERSION = YES;
				CLANG_WARN_OBJC_IMPLICIT_RETAIN_SELF = YES;
				CLANG_WARN_OBJC_LITERAL_CONVERSION = YES;
				CLANG_WARN_OBJC_ROOT_CLASS = YES_ERROR;
				CLANG_WARN_RANGE_LOOP_ANALYSIS = YES;
				CLANG_WARN_STRICT_PROTOTYPES = YES;
				CLANG_WARN_SUSPICIOUS_MOVE = YES;
				CLANG_WARN_UNGUARDED_AVAILABILITY = YES_AGGRESSIVE;
				CLANG_WARN_UNREACHABLE_CODE = YES;
				CLANG_WARN__DUPLICATE_METHOD_MATCH = YES;
				CODE_SIGN_IDENTITY = "iPhone Developer";
				COPY_PHASE_STRIP = NO;
				DEBUG_INFORMATION_FORMAT = dwarf;
				ENABLE_STRICT_OBJC_MSGSEND = YES;
				ENABLE_TESTABILITY = YES;
				GCC_C_LANGUAGE_STANDARD = gnu11;
				GCC_DYNAMIC_NO_PIC = NO;
				GCC_NO_COMMON_BLOCKS = YES;
				GCC_OPTIMIZATION_LEVEL = 0;
				GCC_PREPROCESSOR_DEFINITIONS = (
					"DEBUG=1",
					"$(inherited)",
				);
				GCC_WARN_64_TO_32_BIT_CONVERSION = YES;
				GCC_WARN_ABOUT_RETURN_TYPE = YES_ERROR;
				GCC_WARN_UNDECLARED_SELECTOR = YES;
				GCC_WARN_UNINITIALIZED_AUTOS = YES_AGGRESSIVE;
				GCC_WARN_UNUSED_FUNCTION = YES;
				GCC_WARN_UNUSED_VARIABLE = YES;
				IPHONEOS_DEPLOYMENT_TARGET = 12.2;
				MTL_ENABLE_DEBUG_INFO = INCLUDE_SOURCE;
				MTL_FAST_MATH = YES;
				ONLY_ACTIVE_ARCH = YES;
				SDKROOT = iphoneos;
				SWIFT_ACTIVE_COMPILATION_CONDITIONS = DEBUG;
				SWIFT_OPTIMIZATION_LEVEL = "-Onone";
			};
			name = Debug;
		};
		8D69B37C226158A000767158 /* Release */ = {
			isa = XCBuildConfiguration;
			buildSettings = {
				ALWAYS_SEARCH_USER_PATHS = NO;
				CLANG_ANALYZER_NONNULL = YES;
				CLANG_ANALYZER_NUMBER_OBJECT_CONVERSION = YES_AGGRESSIVE;
				CLANG_CXX_LANGUAGE_STANDARD = "gnu++14";
				CLANG_CXX_LIBRARY = "libc++";
				CLANG_ENABLE_MODULES = YES;
				CLANG_ENABLE_OBJC_ARC = YES;
				CLANG_ENABLE_OBJC_WEAK = YES;
				CLANG_WARN_BLOCK_CAPTURE_AUTORELEASING = YES;
				CLANG_WARN_BOOL_CONVERSION = YES;
				CLANG_WARN_COMMA = YES;
				CLANG_WARN_CONSTANT_CONVERSION = YES;
				CLANG_WARN_DEPRECATED_OBJC_IMPLEMENTATIONS = YES;
				CLANG_WARN_DIRECT_OBJC_ISA_USAGE = YES_ERROR;
				CLANG_WARN_DOCUMENTATION_COMMENTS = YES;
				CLANG_WARN_EMPTY_BODY = YES;
				CLANG_WARN_ENUM_CONVERSION = YES;
				CLANG_WARN_INFINITE_RECURSION = YES;
				CLANG_WARN_INT_CONVERSION = YES;
				CLANG_WARN_NON_LITERAL_NULL_CONVERSION = YES;
				CLANG_WARN_OBJC_IMPLICIT_RETAIN_SELF = YES;
				CLANG_WARN_OBJC_LITERAL_CONVERSION = YES;
				CLANG_WARN_OBJC_ROOT_CLASS = YES_ERROR;
				CLANG_WARN_RANGE_LOOP_ANALYSIS = YES;
				CLANG_WARN_STRICT_PROTOTYPES = YES;
				CLANG_WARN_SUSPICIOUS_MOVE = YES;
				CLANG_WARN_UNGUARDED_AVAILABILITY = YES_AGGRESSIVE;
				CLANG_WARN_UNREACHABLE_CODE = YES;
				CLANG_WARN__DUPLICATE_METHOD_MATCH = YES;
				CODE_SIGN_IDENTITY = "iPhone Developer";
				COPY_PHASE_STRIP = NO;
				DEBUG_INFORMATION_FORMAT = "dwarf-with-dsym";
				ENABLE_NS_ASSERTIONS = NO;
				ENABLE_STRICT_OBJC_MSGSEND = YES;
				GCC_C_LANGUAGE_STANDARD = gnu11;
				GCC_NO_COMMON_BLOCKS = YES;
				GCC_WARN_64_TO_32_BIT_CONVERSION = YES;
				GCC_WARN_ABOUT_RETURN_TYPE = YES_ERROR;
				GCC_WARN_UNDECLARED_SELECTOR = YES;
				GCC_WARN_UNINITIALIZED_AUTOS = YES_AGGRESSIVE;
				GCC_WARN_UNUSED_FUNCTION = YES;
				GCC_WARN_UNUSED_VARIABLE = YES;
				IPHONEOS_DEPLOYMENT_TARGET = 12.2;
				MTL_ENABLE_DEBUG_INFO = NO;
				MTL_FAST_MATH = YES;
				SDKROOT = iphoneos;
				SWIFT_COMPILATION_MODE = wholemodule;
				SWIFT_OPTIMIZATION_LEVEL = "-O";
				VALIDATE_PRODUCT = YES;
			};
			name = Release;
		};
		8D69B37E226158A000767158 /* Debug */ = {
			isa = XCBuildConfiguration;
			baseConfigurationReference = 302BAC588B33D8CBE1586F24 /* Pods-Pharos.debug.xcconfig */;
			buildSettings = {
				ASSETCATALOG_COMPILER_APPICON_NAME = AppIcon;
				CODE_SIGN_STYLE = Automatic;
				DEVELOPMENT_TEAM = LTG4D24862;
				INFOPLIST_FILE = Pharos/Info.plist;
				LD_RUNPATH_SEARCH_PATHS = (
					"$(inherited)",
					"@executable_path/Frameworks",
				);
				PRODUCT_BUNDLE_IDENTIFIER = com.monicaqiu.Pharos;
				PRODUCT_NAME = "$(TARGET_NAME)";
				SWIFT_VERSION = 5.0;
				TARGETED_DEVICE_FAMILY = "1,2";
			};
			name = Debug;
		};
		8D69B37F226158A000767158 /* Release */ = {
			isa = XCBuildConfiguration;
			baseConfigurationReference = 1220022FD305BDCD941ECDB6 /* Pods-Pharos.release.xcconfig */;
			buildSettings = {
				ASSETCATALOG_COMPILER_APPICON_NAME = AppIcon;
				CODE_SIGN_STYLE = Automatic;
				DEVELOPMENT_TEAM = LTG4D24862;
				INFOPLIST_FILE = Pharos/Info.plist;
				LD_RUNPATH_SEARCH_PATHS = (
					"$(inherited)",
					"@executable_path/Frameworks",
				);
				PRODUCT_BUNDLE_IDENTIFIER = com.monicaqiu.Pharos;
				PRODUCT_NAME = "$(TARGET_NAME)";
				SWIFT_VERSION = 5.0;
				TARGETED_DEVICE_FAMILY = "1,2";
			};
			name = Release;
		};
/* End XCBuildConfiguration section */

/* Begin XCConfigurationList section */
		8D69B3642261589F00767158 /* Build configuration list for PBXProject "Pharos" */ = {
			isa = XCConfigurationList;
			buildConfigurations = (
				8D69B37B226158A000767158 /* Debug */,
				8D69B37C226158A000767158 /* Release */,
			);
			defaultConfigurationIsVisible = 0;
			defaultConfigurationName = Release;
		};
		8D69B37D226158A000767158 /* Build configuration list for PBXNativeTarget "Pharos" */ = {
			isa = XCConfigurationList;
			buildConfigurations = (
				8D69B37E226158A000767158 /* Debug */,
				8D69B37F226158A000767158 /* Release */,
			);
			defaultConfigurationIsVisible = 0;
			defaultConfigurationName = Release;
		};
/* End XCConfigurationList section */
	};
	rootObject = 8D69B3612261589F00767158 /* Project object */;
}
